
Microsoft Visual Studio Solution File, Format Version 11.00
# Visual Studio 2010
Project("{FAE04EC0-301F-11D3-BF4B-00C04F79EFBC}") = "SecuruStik", "SecuruStik\SecuruStik.csproj", "{D1675605-7F97-49D2-8E0C-5A96A9FC2B27}"
EndProject
Project("{FAE04EC0-301F-11D3-BF4B-00C04F79EFBC}") = "DataBase", "DataBase\DataBase.csproj", "{FD57C934-D31A-45C7-B812-43856E00F7D2}"
EndProject
Project("{FAE04EC0-301F-11D3-BF4B-00C04F79EFBC}") = "ShellExtensions", "ShellExtensions\ShellExtensions.csproj", "{121D0206-2119-47FD-8DCE-2D2378078BDC}"
EndProject
Project("{FAE04EC0-301F-11D3-BF4B-00C04F79EFBC}") = "Downloader", "Downloader\Downloader.csproj", "{25074069-FABF-4C52-85EC-07FFE769CF80}"
EndProject
Project("{2150E333-8FDC-42A3-9474-1A3956D46DE8}") = "ExtFun", "ExtFun", "{B68256B6-4154-4B59-83E8-8C9CBF7C83BB}"
EndProject
Project("{FAE04EC0-301F-11D3-BF4B-00C04F79EFBC}") = "BaseExtension", "ExtFun\BaseExtension\BaseExtension.csproj", "{1394DCB6-E668-4CBC-8829-ECE4E63E5528}"
EndProject
Project("{FAE04EC0-301F-11D3-BF4B-00C04F79EFBC}") = "RegisterHelper", "ExtFun\RegisterHelper\RegisterHelper.csproj", "{68A27481-FD0A-4B08-A1FE-7F440A073BD5}"
EndProject
Project("{FAE04EC0-301F-11D3-BF4B-00C04F79EFBC}") = "SecuruStikMessageQueue", "ExtFun\SecuruStikMessageQueue\SecuruStikMessageQueue.csproj", "{415B75FF-E375-4407-99E8-DDDE8617FA91}"
EndProject
Project("{FAE04EC0-301F-11D3-BF4B-00C04F79EFBC}") = "UserConfig", "ExtFun\UserSetting\UserConfig.csproj", "{E44E241D-E08C-4805-9C75-898B01719071}"
EndProject
Project("{FAE04EC0-301F-11D3-BF4B-00C04F79EFBC}") = "Win32API", "ExtFun\Win32API\Win32API.csproj", "{E34F51A1-55BE-43D7-88CA-A8ACE0CE42FB}"
EndProject
Project("{2150E333-8FDC-42A3-9474-1A3956D46DE8}") = "Installation", "Installation", "{6E1DECA9-FB83-4E45-8E2C-93B157074939}"
EndProject
Project("{2150E333-8FDC-42A3-9474-1A3956D46DE8}") = "CSCommunicate", "CSCommunicate", "{6B3C05F7-8B1E-4F4B-9AB3-AA0D711E0752}"
EndProject
Project("{FAE04EC0-301F-11D3-BF4B-00C04F79EFBC}") = "CommunicatingProtocal", "CSCommunicate\CommunicatingProtocal\CommunicatingProtocal.csproj", "{24DBA93F-A0D2-456E-895C-5108C4FB267A}"
EndProject
Project("{FAE04EC0-301F-11D3-BF4B-00C04F79EFBC}") = "Server", "CSCommunicate\Server\Server.csproj", "{E58A5E87-5CA0-4040-B497-2FF5AE25908E}"
EndProject
Project("{2150E333-8FDC-42A3-9474-1A3956D46DE8}") = "EncScheme", "EncScheme", "{B7CB7B62-6BB9-42BE-BF1D-B011CDEE4256}"
EndProject
Project("{FAE04EC0-301F-11D3-BF4B-00C04F79EFBC}") = "PRE", "EncScheme\PRE\PRE.csproj", "{B9709015-E664-4B76-BEC4-AE3E655F8FBC}"
EndProject
Project("{8BC9CEB8-8B4A-11D0-8D11-00A0C91BC942}") = "ProxyReEncryption", "EncScheme\ProxyReEncryption\ProxyReEncryption.vcxproj", "{02906F54-BB54-4142-88A7-810773FEFAB0}"
EndProject
Project("{8BC9CEB8-8B4A-11D0-8D11-00A0C91BC942}") = "StressTest", "EncScheme\StressTest\StressTest.vcxproj", "{A9AFEC5F-3CD8-487B-A85E-E53A99193E3E}"
EndProject
Project("{FAE04EC0-301F-11D3-BF4B-00C04F79EFBC}") = "CustomAction", "Installation\CustomAction\CustomAction.csproj", "{5EE86F55-692A-4F49-BA9D-CC418CAFF1B7}"
EndProject
Project("{2150E333-8FDC-42A3-9474-1A3956D46DE8}") = "Base", "Base", "{4C1E7D92-1353-480E-ACB4-69D18B69F288}"
EndProject
Project("{FAE04EC0-301F-11D3-BF4B-00C04F79EFBC}") = "Exception", "SecuruStikException\Exception.csproj", "{7560EB00-5128-43EC-963B-0A8B6AF13496}"
EndProject
Global
	GlobalSection(TestCaseManagementSettings) = postSolution
		CategoryFile = ProxyReEncryption2.vsmdi
	EndGlobalSection
	GlobalSection(SolutionConfigurationPlatforms) = preSolution
		CD_ROM|Any CPU = CD_ROM|Any CPU
		CD_ROM|Mixed Platforms = CD_ROM|Mixed Platforms
		CD_ROM|Win32 = CD_ROM|Win32
		CD_ROM|x64 = CD_ROM|x64
		CD_ROM|x86 = CD_ROM|x86
		Debug|Any CPU = Debug|Any CPU
		Debug|Mixed Platforms = Debug|Mixed Platforms
		Debug|Win32 = Debug|Win32
		Debug|x64 = Debug|x64
		Debug|x86 = Debug|x86
		DVD-5|Any CPU = DVD-5|Any CPU
		DVD-5|Mixed Platforms = DVD-5|Mixed Platforms
		DVD-5|Win32 = DVD-5|Win32
		DVD-5|x64 = DVD-5|x64
		DVD-5|x86 = DVD-5|x86
		Release|Any CPU = Release|Any CPU
		Release|Mixed Platforms = Release|Mixed Platforms
		Release|Win32 = Release|Win32
		Release|x64 = Release|x64
		Release|x86 = Release|x86
		SingleImage|Any CPU = SingleImage|Any CPU
		SingleImage|Mixed Platforms = SingleImage|Mixed Platforms
		SingleImage|Win32 = SingleImage|Win32
		SingleImage|x64 = SingleImage|x64
		SingleImage|x86 = SingleImage|x86
	EndGlobalSection
	GlobalSection(ProjectConfigurationPlatforms) = postSolution
		{D1675605-7F97-49D2-8E0C-5A96A9FC2B27}.CD_ROM|Any CPU.ActiveCfg = Release|x64
		{D1675605-7F97-49D2-8E0C-5A96A9FC2B27}.CD_ROM|Mixed Platforms.ActiveCfg = Release|x64
		{D1675605-7F97-49D2-8E0C-5A96A9FC2B27}.CD_ROM|Mixed Platforms.Build.0 = Release|x64
		{D1675605-7F97-49D2-8E0C-5A96A9FC2B27}.CD_ROM|Win32.ActiveCfg = Release|x64
		{D1675605-7F97-49D2-8E0C-5A96A9FC2B27}.CD_ROM|x64.ActiveCfg = Release|x64
		{D1675605-7F97-49D2-8E0C-5A96A9FC2B27}.CD_ROM|x64.Build.0 = Release|x64
		{D1675605-7F97-49D2-8E0C-5A96A9FC2B27}.CD_ROM|x86.ActiveCfg = Release|x64
		{D1675605-7F97-49D2-8E0C-5A96A9FC2B27}.Debug|Any CPU.ActiveCfg = Debug|x86
		{D1675605-7F97-49D2-8E0C-5A96A9FC2B27}.Debug|Mixed Platforms.ActiveCfg = Debug|Any CPU
		{D1675605-7F97-49D2-8E0C-5A96A9FC2B27}.Debug|Mixed Platforms.Build.0 = Debug|Any CPU
		{D1675605-7F97-49D2-8E0C-5A96A9FC2B27}.Debug|Win32.ActiveCfg = Debug|x86
		{D1675605-7F97-49D2-8E0C-5A96A9FC2B27}.Debug|x64.ActiveCfg = Debug|x64
		{D1675605-7F97-49D2-8E0C-5A96A9FC2B27}.Debug|x64.Build.0 = Debug|x64
		{D1675605-7F97-49D2-8E0C-5A96A9FC2B27}.Debug|x86.ActiveCfg = Debug|x86
		{D1675605-7F97-49D2-8E0C-5A96A9FC2B27}.Debug|x86.Build.0 = Debug|x86
		{D1675605-7F97-49D2-8E0C-5A96A9FC2B27}.DVD-5|Any CPU.ActiveCfg = Debug|x64
		{D1675605-7F97-49D2-8E0C-5A96A9FC2B27}.DVD-5|Mixed Platforms.ActiveCfg = Debug|x64
		{D1675605-7F97-49D2-8E0C-5A96A9FC2B27}.DVD-5|Mixed Platforms.Build.0 = Debug|x64
		{D1675605-7F97-49D2-8E0C-5A96A9FC2B27}.DVD-5|Win32.ActiveCfg = Debug|x64
		{D1675605-7F97-49D2-8E0C-5A96A9FC2B27}.DVD-5|x64.ActiveCfg = Debug|x64
		{D1675605-7F97-49D2-8E0C-5A96A9FC2B27}.DVD-5|x64.Build.0 = Debug|x64
		{D1675605-7F97-49D2-8E0C-5A96A9FC2B27}.DVD-5|x86.ActiveCfg = Debug|x64
		{D1675605-7F97-49D2-8E0C-5A96A9FC2B27}.Release|Any CPU.ActiveCfg = Release|x86
		{D1675605-7F97-49D2-8E0C-5A96A9FC2B27}.Release|Any CPU.Build.0 = Release|x86
		{D1675605-7F97-49D2-8E0C-5A96A9FC2B27}.Release|Mixed Platforms.ActiveCfg = Release|x86
		{D1675605-7F97-49D2-8E0C-5A96A9FC2B27}.Release|Mixed Platforms.Build.0 = Release|x86
		{D1675605-7F97-49D2-8E0C-5A96A9FC2B27}.Release|Win32.ActiveCfg = Release|x86
		{D1675605-7F97-49D2-8E0C-5A96A9FC2B27}.Release|x64.ActiveCfg = Release|x64
		{D1675605-7F97-49D2-8E0C-5A96A9FC2B27}.Release|x64.Build.0 = Release|x64
		{D1675605-7F97-49D2-8E0C-5A96A9FC2B27}.Release|x86.ActiveCfg = Release|x86
		{D1675605-7F97-49D2-8E0C-5A96A9FC2B27}.Release|x86.Build.0 = Release|x86
		{D1675605-7F97-49D2-8E0C-5A96A9FC2B27}.SingleImage|Any CPU.ActiveCfg = Release|x64
		{D1675605-7F97-49D2-8E0C-5A96A9FC2B27}.SingleImage|Mixed Platforms.ActiveCfg = Release|x64
		{D1675605-7F97-49D2-8E0C-5A96A9FC2B27}.SingleImage|Mixed Platforms.Build.0 = Release|x64
		{D1675605-7F97-49D2-8E0C-5A96A9FC2B27}.SingleImage|Win32.ActiveCfg = Release|x64
		{D1675605-7F97-49D2-8E0C-5A96A9FC2B27}.SingleImage|x64.ActiveCfg = Release|x64
		{D1675605-7F97-49D2-8E0C-5A96A9FC2B27}.SingleImage|x64.Build.0 = Release|x64
		{D1675605-7F97-49D2-8E0C-5A96A9FC2B27}.SingleImage|x86.ActiveCfg = Release|x64
		{FD57C934-D31A-45C7-B812-43856E00F7D2}.CD_ROM|Any CPU.ActiveCfg = Release|x64
		{FD57C934-D31A-45C7-B812-43856E00F7D2}.CD_ROM|Mixed Platforms.ActiveCfg = Release|x64
		{FD57C934-D31A-45C7-B812-43856E00F7D2}.CD_ROM|Mixed Platforms.Build.0 = Release|x64
		{FD57C934-D31A-45C7-B812-43856E00F7D2}.CD_ROM|Win32.ActiveCfg = Release|x64
		{FD57C934-D31A-45C7-B812-43856E00F7D2}.CD_ROM|x64.ActiveCfg = Release|x64
		{FD57C934-D31A-45C7-B812-43856E00F7D2}.CD_ROM|x64.Build.0 = Release|x64
		{FD57C934-D31A-45C7-B812-43856E00F7D2}.CD_ROM|x86.ActiveCfg = Release|x64
		{FD57C934-D31A-45C7-B812-43856E00F7D2}.Debug|Any CPU.ActiveCfg = Debug|x86
		{FD57C934-D31A-45C7-B812-43856E00F7D2}.Debug|Mixed Platforms.ActiveCfg = Debug|x86
		{FD57C934-D31A-45C7-B812-43856E00F7D2}.Debug|Mixed Platforms.Build.0 = Debug|x86
		{FD57C934-D31A-45C7-B812-43856E00F7D2}.Debug|Win32.ActiveCfg = Debug|x86
		{FD57C934-D31A-45C7-B812-43856E00F7D2}.Debug|x64.ActiveCfg = Debug|x64
		{FD57C934-D31A-45C7-B812-43856E00F7D2}.Debug|x64.Build.0 = Debug|x64
		{FD57C934-D31A-45C7-B812-43856E00F7D2}.Debug|x86.ActiveCfg = Debug|x86
		{FD57C934-D31A-45C7-B812-43856E00F7D2}.Debug|x86.Build.0 = Debug|x86
		{FD57C934-D31A-45C7-B812-43856E00F7D2}.DVD-5|Any CPU.ActiveCfg = Debug|x64
		{FD57C934-D31A-45C7-B812-43856E00F7D2}.DVD-5|Mixed Platforms.ActiveCfg = Debug|x64
		{FD57C934-D31A-45C7-B812-43856E00F7D2}.DVD-5|Mixed Platforms.Build.0 = Debug|x64
		{FD57C934-D31A-45C7-B812-43856E00F7D2}.DVD-5|Win32.ActiveCfg = Debug|x64
		{FD57C934-D31A-45C7-B812-43856E00F7D2}.DVD-5|x64.ActiveCfg = Debug|x64
		{FD57C934-D31A-45C7-B812-43856E00F7D2}.DVD-5|x64.Build.0 = Debug|x64
		{FD57C934-D31A-45C7-B812-43856E00F7D2}.DVD-5|x86.ActiveCfg = Debug|x64
		{FD57C934-D31A-45C7-B812-43856E00F7D2}.Release|Any CPU.ActiveCfg = Release|x86
		{FD57C934-D31A-45C7-B812-43856E00F7D2}.Release|Any CPU.Build.0 = Release|x86
		{FD57C934-D31A-45C7-B812-43856E00F7D2}.Release|Mixed Platforms.ActiveCfg = Release|x86
		{FD57C934-D31A-45C7-B812-43856E00F7D2}.Release|Mixed Platforms.Build.0 = Release|x86
		{FD57C934-D31A-45C7-B812-43856E00F7D2}.Release|Win32.ActiveCfg = Release|x86
		{FD57C934-D31A-45C7-B812-43856E00F7D2}.Release|x64.ActiveCfg = Release|x64
		{FD57C934-D31A-45C7-B812-43856E00F7D2}.Release|x64.Build.0 = Release|x64
		{FD57C934-D31A-45C7-B812-43856E00F7D2}.Release|x86.ActiveCfg = Release|x86
		{FD57C934-D31A-45C7-B812-43856E00F7D2}.Release|x86.Build.0 = Release|x86
		{FD57C934-D31A-45C7-B812-43856E00F7D2}.SingleImage|Any CPU.ActiveCfg = Release|x64
		{FD57C934-D31A-45C7-B812-43856E00F7D2}.SingleImage|Mixed Platforms.ActiveCfg = Release|x64
		{FD57C934-D31A-45C7-B812-43856E00F7D2}.SingleImage|Mixed Platforms.Build.0 = Release|x64
		{FD57C934-D31A-45C7-B812-43856E00F7D2}.SingleImage|Win32.ActiveCfg = Release|x64
		{FD57C934-D31A-45C7-B812-43856E00F7D2}.SingleImage|x64.ActiveCfg = Release|x64
		{FD57C934-D31A-45C7-B812-43856E00F7D2}.SingleImage|x64.Build.0 = Release|x64
		{FD57C934-D31A-45C7-B812-43856E00F7D2}.SingleImage|x86.ActiveCfg = Release|x64
		{121D0206-2119-47FD-8DCE-2D2378078BDC}.CD_ROM|Any CPU.ActiveCfg = Release|x64
		{121D0206-2119-47FD-8DCE-2D2378078BDC}.CD_ROM|Mixed Platforms.ActiveCfg = Release|x64
		{121D0206-2119-47FD-8DCE-2D2378078BDC}.CD_ROM|Mixed Platforms.Build.0 = Release|x64
		{121D0206-2119-47FD-8DCE-2D2378078BDC}.CD_ROM|Win32.ActiveCfg = Release|x64
		{121D0206-2119-47FD-8DCE-2D2378078BDC}.CD_ROM|x64.ActiveCfg = Release|x64
		{121D0206-2119-47FD-8DCE-2D2378078BDC}.CD_ROM|x64.Build.0 = Release|x64
		{121D0206-2119-47FD-8DCE-2D2378078BDC}.CD_ROM|x86.ActiveCfg = Release|x64
		{121D0206-2119-47FD-8DCE-2D2378078BDC}.Debug|Any CPU.ActiveCfg = Debug|Any CPU
		{121D0206-2119-47FD-8DCE-2D2378078BDC}.Debug|Any CPU.Build.0 = Debug|Any CPU
		{121D0206-2119-47FD-8DCE-2D2378078BDC}.Debug|Mixed Platforms.ActiveCfg = Debug|Any CPU
		{121D0206-2119-47FD-8DCE-2D2378078BDC}.Debug|Mixed Platforms.Build.0 = Debug|Any CPU
		{121D0206-2119-47FD-8DCE-2D2378078BDC}.Debug|Win32.ActiveCfg = Debug|Any CPU
		{121D0206-2119-47FD-8DCE-2D2378078BDC}.Debug|x64.ActiveCfg = Debug|x64
		{121D0206-2119-47FD-8DCE-2D2378078BDC}.Debug|x64.Build.0 = Debug|x64
		{121D0206-2119-47FD-8DCE-2D2378078BDC}.Debug|x86.ActiveCfg = Debug|Any CPU
		{121D0206-2119-47FD-8DCE-2D2378078BDC}.DVD-5|Any CPU.ActiveCfg = Debug|x64
		{121D0206-2119-47FD-8DCE-2D2378078BDC}.DVD-5|Mixed Platforms.ActiveCfg = Debug|x64
		{121D0206-2119-47FD-8DCE-2D2378078BDC}.DVD-5|Mixed Platforms.Build.0 = Debug|x64
		{121D0206-2119-47FD-8DCE-2D2378078BDC}.DVD-5|Win32.ActiveCfg = Debug|x64
		{121D0206-2119-47FD-8DCE-2D2378078BDC}.DVD-5|x64.ActiveCfg = Debug|x64
		{121D0206-2119-47FD-8DCE-2D2378078BDC}.DVD-5|x64.Build.0 = Debug|x64
		{121D0206-2119-47FD-8DCE-2D2378078BDC}.DVD-5|x86.ActiveCfg = Debug|x64
		{121D0206-2119-47FD-8DCE-2D2378078BDC}.Release|Any CPU.ActiveCfg = Release|Any CPU
		{121D0206-2119-47FD-8DCE-2D2378078BDC}.Release|Any CPU.Build.0 = Release|Any CPU
		{121D0206-2119-47FD-8DCE-2D2378078BDC}.Release|Mixed Platforms.ActiveCfg = Release|Any CPU
		{121D0206-2119-47FD-8DCE-2D2378078BDC}.Release|Mixed Platforms.Build.0 = Release|Any CPU
		{121D0206-2119-47FD-8DCE-2D2378078BDC}.Release|Win32.ActiveCfg = Release|Any CPU
		{121D0206-2119-47FD-8DCE-2D2378078BDC}.Release|x64.ActiveCfg = Release|x64
		{121D0206-2119-47FD-8DCE-2D2378078BDC}.Release|x64.Build.0 = Release|x64
		{121D0206-2119-47FD-8DCE-2D2378078BDC}.Release|x86.ActiveCfg = Release|x86
		{121D0206-2119-47FD-8DCE-2D2378078BDC}.Release|x86.Build.0 = Release|x86
		{121D0206-2119-47FD-8DCE-2D2378078BDC}.SingleImage|Any CPU.ActiveCfg = Release|x64
		{121D0206-2119-47FD-8DCE-2D2378078BDC}.SingleImage|Mixed Platforms.ActiveCfg = Release|x64
		{121D0206-2119-47FD-8DCE-2D2378078BDC}.SingleImage|Mixed Platforms.Build.0 = Release|x64
		{121D0206-2119-47FD-8DCE-2D2378078BDC}.SingleImage|Win32.ActiveCfg = Release|x64
		{121D0206-2119-47FD-8DCE-2D2378078BDC}.SingleImage|x64.ActiveCfg = Release|x64
		{121D0206-2119-47FD-8DCE-2D2378078BDC}.SingleImage|x64.Build.0 = Release|x64
		{121D0206-2119-47FD-8DCE-2D2378078BDC}.SingleImage|x86.ActiveCfg = Release|x64
		{25074069-FABF-4C52-85EC-07FFE769CF80}.CD_ROM|Any CPU.ActiveCfg = Release|x86
		{25074069-FABF-4C52-85EC-07FFE769CF80}.CD_ROM|Mixed Platforms.ActiveCfg = Release|x86
		{25074069-FABF-4C52-85EC-07FFE769CF80}.CD_ROM|Mixed Platforms.Build.0 = Release|x86
		{25074069-FABF-4C52-85EC-07FFE769CF80}.CD_ROM|Win32.ActiveCfg = Release|x86
		{25074069-FABF-4C52-85EC-07FFE769CF80}.CD_ROM|x64.ActiveCfg = Release|x86
		{25074069-FABF-4C52-85EC-07FFE769CF80}.CD_ROM|x86.ActiveCfg = Release|x86
		{25074069-FABF-4C52-85EC-07FFE769CF80}.CD_ROM|x86.Build.0 = Release|x86
		{25074069-FABF-4C52-85EC-07FFE769CF80}.Debug|Any CPU.ActiveCfg = Debug|x86
		{25074069-FABF-4C52-85EC-07FFE769CF80}.Debug|Mixed Platforms.ActiveCfg = Debug|x86
		{25074069-FABF-4C52-85EC-07FFE769CF80}.Debug|Mixed Platforms.Build.0 = Debug|x86
		{25074069-FABF-4C52-85EC-07FFE769CF80}.Debug|Win32.ActiveCfg = Debug|x86
		{25074069-FABF-4C52-85EC-07FFE769CF80}.Debug|x64.ActiveCfg = Debug|x86
		{25074069-FABF-4C52-85EC-07FFE769CF80}.Debug|x86.ActiveCfg = Debug|x86
		{25074069-FABF-4C52-85EC-07FFE769CF80}.Debug|x86.Build.0 = Debug|x86
		{25074069-FABF-4C52-85EC-07FFE769CF80}.DVD-5|Any CPU.ActiveCfg = Debug|x86
		{25074069-FABF-4C52-85EC-07FFE769CF80}.DVD-5|Mixed Platforms.ActiveCfg = Debug|x86
		{25074069-FABF-4C52-85EC-07FFE769CF80}.DVD-5|Mixed Platforms.Build.0 = Debug|x86
		{25074069-FABF-4C52-85EC-07FFE769CF80}.DVD-5|Win32.ActiveCfg = Debug|x86
		{25074069-FABF-4C52-85EC-07FFE769CF80}.DVD-5|x64.ActiveCfg = Debug|x86
		{25074069-FABF-4C52-85EC-07FFE769CF80}.DVD-5|x86.ActiveCfg = Debug|x86
		{25074069-FABF-4C52-85EC-07FFE769CF80}.DVD-5|x86.Build.0 = Debug|x86
		{25074069-FABF-4C52-85EC-07FFE769CF80}.Release|Any CPU.ActiveCfg = Release|x86
		{25074069-FABF-4C52-85EC-07FFE769CF80}.Release|Mixed Platforms.ActiveCfg = Release|x86
		{25074069-FABF-4C52-85EC-07FFE769CF80}.Release|Mixed Platforms.Build.0 = Release|x86
		{25074069-FABF-4C52-85EC-07FFE769CF80}.Release|Win32.ActiveCfg = Release|x86
		{25074069-FABF-4C52-85EC-07FFE769CF80}.Release|x64.ActiveCfg = Release|x86
		{25074069-FABF-4C52-85EC-07FFE769CF80}.Release|x86.ActiveCfg = Release|x86
		{25074069-FABF-4C52-85EC-07FFE769CF80}.Release|x86.Build.0 = Release|x86
		{25074069-FABF-4C52-85EC-07FFE769CF80}.SingleImage|Any CPU.ActiveCfg = Release|x86
		{25074069-FABF-4C52-85EC-07FFE769CF80}.SingleImage|Mixed Platforms.ActiveCfg = Release|x86
		{25074069-FABF-4C52-85EC-07FFE769CF80}.SingleImage|Mixed Platforms.Build.0 = Release|x86
		{25074069-FABF-4C52-85EC-07FFE769CF80}.SingleImage|Win32.ActiveCfg = Release|x86
		{25074069-FABF-4C52-85EC-07FFE769CF80}.SingleImage|x64.ActiveCfg = Release|x86
		{25074069-FABF-4C52-85EC-07FFE769CF80}.SingleImage|x86.ActiveCfg = Release|x86
		{25074069-FABF-4C52-85EC-07FFE769CF80}.SingleImage|x86.Build.0 = Release|x86
		{1394DCB6-E668-4CBC-8829-ECE4E63E5528}.CD_ROM|Any CPU.ActiveCfg = Release|x64
		{1394DCB6-E668-4CBC-8829-ECE4E63E5528}.CD_ROM|Mixed Platforms.ActiveCfg = Release|x64
		{1394DCB6-E668-4CBC-8829-ECE4E63E5528}.CD_ROM|Mixed Platforms.Build.0 = Release|x64
		{1394DCB6-E668-4CBC-8829-ECE4E63E5528}.CD_ROM|Win32.ActiveCfg = Release|x64
		{1394DCB6-E668-4CBC-8829-ECE4E63E5528}.CD_ROM|x64.ActiveCfg = Release|x64
		{1394DCB6-E668-4CBC-8829-ECE4E63E5528}.CD_ROM|x64.Build.0 = Release|x64
		{1394DCB6-E668-4CBC-8829-ECE4E63E5528}.CD_ROM|x86.ActiveCfg = Release|x64
		{1394DCB6-E668-4CBC-8829-ECE4E63E5528}.Debug|Any CPU.ActiveCfg = Debug|Any CPU
		{1394DCB6-E668-4CBC-8829-ECE4E63E5528}.Debug|Any CPU.Build.0 = Debug|Any CPU
		{1394DCB6-E668-4CBC-8829-ECE4E63E5528}.Debug|Mixed Platforms.ActiveCfg = Debug|x64
		{1394DCB6-E668-4CBC-8829-ECE4E63E5528}.Debug|Mixed Platforms.Build.0 = Debug|x64
		{1394DCB6-E668-4CBC-8829-ECE4E63E5528}.Debug|Win32.ActiveCfg = Debug|x64
		{1394DCB6-E668-4CBC-8829-ECE4E63E5528}.Debug|x64.ActiveCfg = Debug|x64
		{1394DCB6-E668-4CBC-8829-ECE4E63E5528}.Debug|x64.Build.0 = Debug|x64
		{1394DCB6-E668-4CBC-8829-ECE4E63E5528}.Debug|x86.ActiveCfg = Debug|x86
		{1394DCB6-E668-4CBC-8829-ECE4E63E5528}.Debug|x86.Build.0 = Debug|x86
		{1394DCB6-E668-4CBC-8829-ECE4E63E5528}.DVD-5|Any CPU.ActiveCfg = Debug|x64
		{1394DCB6-E668-4CBC-8829-ECE4E63E5528}.DVD-5|Mixed Platforms.ActiveCfg = Debug|x64
		{1394DCB6-E668-4CBC-8829-ECE4E63E5528}.DVD-5|Mixed Platforms.Build.0 = Debug|x64
		{1394DCB6-E668-4CBC-8829-ECE4E63E5528}.DVD-5|Win32.ActiveCfg = Debug|x64
		{1394DCB6-E668-4CBC-8829-ECE4E63E5528}.DVD-5|x64.ActiveCfg = Debug|x64
		{1394DCB6-E668-4CBC-8829-ECE4E63E5528}.DVD-5|x64.Build.0 = Debug|x64
		{1394DCB6-E668-4CBC-8829-ECE4E63E5528}.DVD-5|x86.ActiveCfg = Debug|x64
		{1394DCB6-E668-4CBC-8829-ECE4E63E5528}.Release|Any CPU.ActiveCfg = Release|Any CPU
		{1394DCB6-E668-4CBC-8829-ECE4E63E5528}.Release|Any CPU.Build.0 = Release|Any CPU
		{1394DCB6-E668-4CBC-8829-ECE4E63E5528}.Release|Mixed Platforms.ActiveCfg = Release|x64
		{1394DCB6-E668-4CBC-8829-ECE4E63E5528}.Release|Mixed Platforms.Build.0 = Release|x64
		{1394DCB6-E668-4CBC-8829-ECE4E63E5528}.Release|Win32.ActiveCfg = Release|x64
		{1394DCB6-E668-4CBC-8829-ECE4E63E5528}.Release|x64.ActiveCfg = Release|x64
		{1394DCB6-E668-4CBC-8829-ECE4E63E5528}.Release|x64.Build.0 = Release|x64
		{1394DCB6-E668-4CBC-8829-ECE4E63E5528}.Release|x86.ActiveCfg = Release|x86
		{1394DCB6-E668-4CBC-8829-ECE4E63E5528}.Release|x86.Build.0 = Release|x86
		{1394DCB6-E668-4CBC-8829-ECE4E63E5528}.SingleImage|Any CPU.ActiveCfg = Release|x64
		{1394DCB6-E668-4CBC-8829-ECE4E63E5528}.SingleImage|Mixed Platforms.ActiveCfg = Release|x64
		{1394DCB6-E668-4CBC-8829-ECE4E63E5528}.SingleImage|Mixed Platforms.Build.0 = Release|x64
		{1394DCB6-E668-4CBC-8829-ECE4E63E5528}.SingleImage|Win32.ActiveCfg = Release|x64
		{1394DCB6-E668-4CBC-8829-ECE4E63E5528}.SingleImage|x64.ActiveCfg = Release|x64
		{1394DCB6-E668-4CBC-8829-ECE4E63E5528}.SingleImage|x64.Build.0 = Release|x64
		{1394DCB6-E668-4CBC-8829-ECE4E63E5528}.SingleImage|x86.ActiveCfg = Release|x64
		{68A27481-FD0A-4B08-A1FE-7F440A073BD5}.CD_ROM|Any CPU.ActiveCfg = Release|Any CPU
		{68A27481-FD0A-4B08-A1FE-7F440A073BD5}.CD_ROM|Any CPU.Build.0 = Release|Any CPU
		{68A27481-FD0A-4B08-A1FE-7F440A073BD5}.CD_ROM|Mixed Platforms.ActiveCfg = Release|Any CPU
		{68A27481-FD0A-4B08-A1FE-7F440A073BD5}.CD_ROM|Mixed Platforms.Build.0 = Release|Any CPU
		{68A27481-FD0A-4B08-A1FE-7F440A073BD5}.CD_ROM|Win32.ActiveCfg = Release|Any CPU
		{68A27481-FD0A-4B08-A1FE-7F440A073BD5}.CD_ROM|x64.ActiveCfg = Release|Any CPU
		{68A27481-FD0A-4B08-A1FE-7F440A073BD5}.CD_ROM|x86.ActiveCfg = Release|Any CPU
		{68A27481-FD0A-4B08-A1FE-7F440A073BD5}.Debug|Any CPU.ActiveCfg = Debug|Any CPU
		{68A27481-FD0A-4B08-A1FE-7F440A073BD5}.Debug|Any CPU.Build.0 = Debug|Any CPU
		{68A27481-FD0A-4B08-A1FE-7F440A073BD5}.Debug|Mixed Platforms.ActiveCfg = Debug|Any CPU
		{68A27481-FD0A-4B08-A1FE-7F440A073BD5}.Debug|Mixed Platforms.Build.0 = Debug|Any CPU
		{68A27481-FD0A-4B08-A1FE-7F440A073BD5}.Debug|Win32.ActiveCfg = Debug|Any CPU
		{68A27481-FD0A-4B08-A1FE-7F440A073BD5}.Debug|x64.ActiveCfg = Debug|Any CPU
		{68A27481-FD0A-4B08-A1FE-7F440A073BD5}.Debug|x86.ActiveCfg = Debug|Any CPU
		{68A27481-FD0A-4B08-A1FE-7F440A073BD5}.DVD-5|Any CPU.ActiveCfg = Debug|Any CPU
		{68A27481-FD0A-4B08-A1FE-7F440A073BD5}.DVD-5|Any CPU.Build.0 = Debug|Any CPU
		{68A27481-FD0A-4B08-A1FE-7F440A073BD5}.DVD-5|Mixed Platforms.ActiveCfg = Debug|Any CPU
		{68A27481-FD0A-4B08-A1FE-7F440A073BD5}.DVD-5|Mixed Platforms.Build.0 = Debug|Any CPU
		{68A27481-FD0A-4B08-A1FE-7F440A073BD5}.DVD-5|Win32.ActiveCfg = Debug|Any CPU
		{68A27481-FD0A-4B08-A1FE-7F440A073BD5}.DVD-5|x64.ActiveCfg = Debug|Any CPU
		{68A27481-FD0A-4B08-A1FE-7F440A073BD5}.DVD-5|x86.ActiveCfg = Debug|Any CPU
		{68A27481-FD0A-4B08-A1FE-7F440A073BD5}.Release|Any CPU.ActiveCfg = Release|Any CPU
		{68A27481-FD0A-4B08-A1FE-7F440A073BD5}.Release|Any CPU.Build.0 = Release|Any CPU
		{68A27481-FD0A-4B08-A1FE-7F440A073BD5}.Release|Mixed Platforms.ActiveCfg = Release|Any CPU
		{68A27481-FD0A-4B08-A1FE-7F440A073BD5}.Release|Mixed Platforms.Build.0 = Release|Any CPU
		{68A27481-FD0A-4B08-A1FE-7F440A073BD5}.Release|Win32.ActiveCfg = Release|Any CPU
		{68A27481-FD0A-4B08-A1FE-7F440A073BD5}.Release|x64.ActiveCfg = Release|Any CPU
		{68A27481-FD0A-4B08-A1FE-7F440A073BD5}.Release|x86.ActiveCfg = Release|Any CPU
		{68A27481-FD0A-4B08-A1FE-7F440A073BD5}.SingleImage|Any CPU.ActiveCfg = Release|Any CPU
		{68A27481-FD0A-4B08-A1FE-7F440A073BD5}.SingleImage|Any CPU.Build.0 = Release|Any CPU
		{68A27481-FD0A-4B08-A1FE-7F440A073BD5}.SingleImage|Mixed Platforms.ActiveCfg = Release|Any CPU
		{68A27481-FD0A-4B08-A1FE-7F440A073BD5}.SingleImage|Mixed Platforms.Build.0 = Release|Any CPU
		{68A27481-FD0A-4B08-A1FE-7F440A073BD5}.SingleImage|Win32.ActiveCfg = Release|Any CPU
		{68A27481-FD0A-4B08-A1FE-7F440A073BD5}.SingleImage|x64.ActiveCfg = Release|Any CPU
		{68A27481-FD0A-4B08-A1FE-7F440A073BD5}.SingleImage|x86.ActiveCfg = Release|Any CPU
		{415B75FF-E375-4407-99E8-DDDE8617FA91}.CD_ROM|Any CPU.ActiveCfg = Release|Any CPU
		{415B75FF-E375-4407-99E8-DDDE8617FA91}.CD_ROM|Any CPU.Build.0 = Release|Any CPU
		{415B75FF-E375-4407-99E8-DDDE8617FA91}.CD_ROM|Mixed Platforms.ActiveCfg = Release|Any CPU
		{415B75FF-E375-4407-99E8-DDDE8617FA91}.CD_ROM|Mixed Platforms.Build.0 = Release|Any CPU
		{415B75FF-E375-4407-99E8-DDDE8617FA91}.CD_ROM|Win32.ActiveCfg = Release|Any CPU
		{415B75FF-E375-4407-99E8-DDDE8617FA91}.CD_ROM|x64.ActiveCfg = Release|Any CPU
		{415B75FF-E375-4407-99E8-DDDE8617FA91}.CD_ROM|x86.ActiveCfg = Release|Any CPU
		{415B75FF-E375-4407-99E8-DDDE8617FA91}.Debug|Any CPU.ActiveCfg = Debug|Any CPU
		{415B75FF-E375-4407-99E8-DDDE8617FA91}.Debug|Any CPU.Build.0 = Debug|Any CPU
		{415B75FF-E375-4407-99E8-DDDE8617FA91}.Debug|Mixed Platforms.ActiveCfg = Debug|Any CPU
		{415B75FF-E375-4407-99E8-DDDE8617FA91}.Debug|Mixed Platforms.Build.0 = Debug|Any CPU
		{415B75FF-E375-4407-99E8-DDDE8617FA91}.Debug|Win32.ActiveCfg = Debug|Any CPU
		{415B75FF-E375-4407-99E8-DDDE8617FA91}.Debug|x64.ActiveCfg = Debug|Any CPU
		{415B75FF-E375-4407-99E8-DDDE8617FA91}.Debug|x86.ActiveCfg = Debug|Any CPU
		{415B75FF-E375-4407-99E8-DDDE8617FA91}.DVD-5|Any CPU.ActiveCfg = Debug|Any CPU
		{415B75FF-E375-4407-99E8-DDDE8617FA91}.DVD-5|Any CPU.Build.0 = Debug|Any CPU
		{415B75FF-E375-4407-99E8-DDDE8617FA91}.DVD-5|Mixed Platforms.ActiveCfg = Debug|Any CPU
		{415B75FF-E375-4407-99E8-DDDE8617FA91}.DVD-5|Mixed Platforms.Build.0 = Debug|Any CPU
		{415B75FF-E375-4407-99E8-DDDE8617FA91}.DVD-5|Win32.ActiveCfg = Debug|Any CPU
		{415B75FF-E375-4407-99E8-DDDE8617FA91}.DVD-5|x64.ActiveCfg = Debug|Any CPU
		{415B75FF-E375-4407-99E8-DDDE8617FA91}.DVD-5|x86.ActiveCfg = Debug|Any CPU
		{415B75FF-E375-4407-99E8-DDDE8617FA91}.Release|Any CPU.ActiveCfg = Release|Any CPU
		{415B75FF-E375-4407-99E8-DDDE8617FA91}.Release|Any CPU.Build.0 = Release|Any CPU
		{415B75FF-E375-4407-99E8-DDDE8617FA91}.Release|Mixed Platforms.ActiveCfg = Release|Any CPU
		{415B75FF-E375-4407-99E8-DDDE8617FA91}.Release|Mixed Platforms.Build.0 = Release|Any CPU
		{415B75FF-E375-4407-99E8-DDDE8617FA91}.Release|Win32.ActiveCfg = Release|Any CPU
		{415B75FF-E375-4407-99E8-DDDE8617FA91}.Release|x64.ActiveCfg = Release|Any CPU
		{415B75FF-E375-4407-99E8-DDDE8617FA91}.Release|x86.ActiveCfg = Release|Any CPU
		{415B75FF-E375-4407-99E8-DDDE8617FA91}.SingleImage|Any CPU.ActiveCfg = Release|Any CPU
		{415B75FF-E375-4407-99E8-DDDE8617FA91}.SingleImage|Any CPU.Build.0 = Release|Any CPU
		{415B75FF-E375-4407-99E8-DDDE8617FA91}.SingleImage|Mixed Platforms.ActiveCfg = Release|Any CPU
		{415B75FF-E375-4407-99E8-DDDE8617FA91}.SingleImage|Mixed Platforms.Build.0 = Release|Any CPU
		{415B75FF-E375-4407-99E8-DDDE8617FA91}.SingleImage|Win32.ActiveCfg = Release|Any CPU
		{415B75FF-E375-4407-99E8-DDDE8617FA91}.SingleImage|x64.ActiveCfg = Release|Any CPU
		{415B75FF-E375-4407-99E8-DDDE8617FA91}.SingleImage|x86.ActiveCfg = Release|Any CPU
		{E44E241D-E08C-4805-9C75-898B01719071}.CD_ROM|Any CPU.ActiveCfg = Release|Any CPU
		{E44E241D-E08C-4805-9C75-898B01719071}.CD_ROM|Any CPU.Build.0 = Release|Any CPU
		{E44E241D-E08C-4805-9C75-898B01719071}.CD_ROM|Mixed Platforms.ActiveCfg = Release|Any CPU
		{E44E241D-E08C-4805-9C75-898B01719071}.CD_ROM|Mixed Platforms.Build.0 = Release|Any CPU
		{E44E241D-E08C-4805-9C75-898B01719071}.CD_ROM|Win32.ActiveCfg = Release|Any CPU
		{E44E241D-E08C-4805-9C75-898B01719071}.CD_ROM|x64.ActiveCfg = Release|Any CPU
		{E44E241D-E08C-4805-9C75-898B01719071}.CD_ROM|x86.ActiveCfg = Release|Any CPU
		{E44E241D-E08C-4805-9C75-898B01719071}.Debug|Any CPU.ActiveCfg = Debug|Any CPU
		{E44E241D-E08C-4805-9C75-898B01719071}.Debug|Any CPU.Build.0 = Debug|Any CPU
		{E44E241D-E08C-4805-9C75-898B01719071}.Debug|Mixed Platforms.ActiveCfg = Debug|Any CPU
		{E44E241D-E08C-4805-9C75-898B01719071}.Debug|Mixed Platforms.Build.0 = Debug|Any CPU
		{E44E241D-E08C-4805-9C75-898B01719071}.Debug|Win32.ActiveCfg = Debug|Any CPU
		{E44E241D-E08C-4805-9C75-898B01719071}.Debug|x64.ActiveCfg = Debug|Any CPU
		{E44E241D-E08C-4805-9C75-898B01719071}.Debug|x86.ActiveCfg = Debug|Any CPU
		{E44E241D-E08C-4805-9C75-898B01719071}.DVD-5|Any CPU.ActiveCfg = Debug|Any CPU
		{E44E241D-E08C-4805-9C75-898B01719071}.DVD-5|Any CPU.Build.0 = Debug|Any CPU
		{E44E241D-E08C-4805-9C75-898B01719071}.DVD-5|Mixed Platforms.ActiveCfg = Debug|Any CPU
		{E44E241D-E08C-4805-9C75-898B01719071}.DVD-5|Mixed Platforms.Build.0 = Debug|Any CPU
		{E44E241D-E08C-4805-9C75-898B01719071}.DVD-5|Win32.ActiveCfg = Debug|Any CPU
		{E44E241D-E08C-4805-9C75-898B01719071}.DVD-5|x64.ActiveCfg = Debug|Any CPU
		{E44E241D-E08C-4805-9C75-898B01719071}.DVD-5|x86.ActiveCfg = Debug|Any CPU
		{E44E241D-E08C-4805-9C75-898B01719071}.Release|Any CPU.ActiveCfg = Release|Any CPU
		{E44E241D-E08C-4805-9C75-898B01719071}.Release|Any CPU.Build.0 = Release|Any CPU
		{E44E241D-E08C-4805-9C75-898B01719071}.Release|Mixed Platforms.ActiveCfg = Release|Any CPU
		{E44E241D-E08C-4805-9C75-898B01719071}.Release|Mixed Platforms.Build.0 = Release|Any CPU
		{E44E241D-E08C-4805-9C75-898B01719071}.Release|Win32.ActiveCfg = Release|Any CPU
		{E44E241D-E08C-4805-9C75-898B01719071}.Release|x64.ActiveCfg = Release|Any CPU
		{E44E241D-E08C-4805-9C75-898B01719071}.Release|x86.ActiveCfg = Release|Any CPU
		{E44E241D-E08C-4805-9C75-898B01719071}.SingleImage|Any CPU.ActiveCfg = Release|Any CPU
		{E44E241D-E08C-4805-9C75-898B01719071}.SingleImage|Any CPU.Build.0 = Release|Any CPU
		{E44E241D-E08C-4805-9C75-898B01719071}.SingleImage|Mixed Platforms.ActiveCfg = Release|Any CPU
		{E44E241D-E08C-4805-9C75-898B01719071}.SingleImage|Mixed Platforms.Build.0 = Release|Any CPU
		{E44E241D-E08C-4805-9C75-898B01719071}.SingleImage|Win32.ActiveCfg = Release|Any CPU
		{E44E241D-E08C-4805-9C75-898B01719071}.SingleImage|x64.ActiveCfg = Release|Any CPU
		{E44E241D-E08C-4805-9C75-898B01719071}.SingleImage|x86.ActiveCfg = Release|Any CPU
		{E34F51A1-55BE-43D7-88CA-A8ACE0CE42FB}.CD_ROM|Any CPU.ActiveCfg = Release|Any CPU
		{E34F51A1-55BE-43D7-88CA-A8ACE0CE42FB}.CD_ROM|Any CPU.Build.0 = Release|Any CPU
		{E34F51A1-55BE-43D7-88CA-A8ACE0CE42FB}.CD_ROM|Mixed Platforms.ActiveCfg = Release|Any CPU
		{E34F51A1-55BE-43D7-88CA-A8ACE0CE42FB}.CD_ROM|Mixed Platforms.Build.0 = Release|Any CPU
		{E34F51A1-55BE-43D7-88CA-A8ACE0CE42FB}.CD_ROM|Win32.ActiveCfg = Release|Any CPU
		{E34F51A1-55BE-43D7-88CA-A8ACE0CE42FB}.CD_ROM|x64.ActiveCfg = Release|Any CPU
		{E34F51A1-55BE-43D7-88CA-A8ACE0CE42FB}.CD_ROM|x86.ActiveCfg = Release|Any CPU
		{E34F51A1-55BE-43D7-88CA-A8ACE0CE42FB}.Debug|Any CPU.ActiveCfg = Debug|Any CPU
		{E34F51A1-55BE-43D7-88CA-A8ACE0CE42FB}.Debug|Any CPU.Build.0 = Debug|Any CPU
		{E34F51A1-55BE-43D7-88CA-A8ACE0CE42FB}.Debug|Mixed Platforms.ActiveCfg = Debug|Any CPU
		{E34F51A1-55BE-43D7-88CA-A8ACE0CE42FB}.Debug|Mixed Platforms.Build.0 = Debug|Any CPU
		{E34F51A1-55BE-43D7-88CA-A8ACE0CE42FB}.Debug|Win32.ActiveCfg = Debug|Any CPU
		{E34F51A1-55BE-43D7-88CA-A8ACE0CE42FB}.Debug|x64.ActiveCfg = Debug|Any CPU
		{E34F51A1-55BE-43D7-88CA-A8ACE0CE42FB}.Debug|x86.ActiveCfg = Debug|Any CPU
		{E34F51A1-55BE-43D7-88CA-A8ACE0CE42FB}.DVD-5|Any CPU.ActiveCfg = Debug|Any CPU
		{E34F51A1-55BE-43D7-88CA-A8ACE0CE42FB}.DVD-5|Any CPU.Build.0 = Debug|Any CPU
		{E34F51A1-55BE-43D7-88CA-A8ACE0CE42FB}.DVD-5|Mixed Platforms.ActiveCfg = Debug|Any CPU
		{E34F51A1-55BE-43D7-88CA-A8ACE0CE42FB}.DVD-5|Mixed Platforms.Build.0 = Debug|Any CPU
		{E34F51A1-55BE-43D7-88CA-A8ACE0CE42FB}.DVD-5|Win32.ActiveCfg = Debug|Any CPU
		{E34F51A1-55BE-43D7-88CA-A8ACE0CE42FB}.DVD-5|x64.ActiveCfg = Debug|Any CPU
		{E34F51A1-55BE-43D7-88CA-A8ACE0CE42FB}.DVD-5|x86.ActiveCfg = Debug|Any CPU
		{E34F51A1-55BE-43D7-88CA-A8ACE0CE42FB}.Release|Any CPU.ActiveCfg = Release|Any CPU
		{E34F51A1-55BE-43D7-88CA-A8ACE0CE42FB}.Release|Any CPU.Build.0 = Release|Any CPU
		{E34F51A1-55BE-43D7-88CA-A8ACE0CE42FB}.Release|Mixed Platforms.ActiveCfg = Release|Any CPU
		{E34F51A1-55BE-43D7-88CA-A8ACE0CE42FB}.Release|Mixed Platforms.Build.0 = Release|Any CPU
		{E34F51A1-55BE-43D7-88CA-A8ACE0CE42FB}.Release|Win32.ActiveCfg = Release|Any CPU
		{E34F51A1-55BE-43D7-88CA-A8ACE0CE42FB}.Release|x64.ActiveCfg = Release|Any CPU
		{E34F51A1-55BE-43D7-88CA-A8ACE0CE42FB}.Release|x86.ActiveCfg = Release|Any CPU
		{E34F51A1-55BE-43D7-88CA-A8ACE0CE42FB}.SingleImage|Any CPU.ActiveCfg = Release|Any CPU
		{E34F51A1-55BE-43D7-88CA-A8ACE0CE42FB}.SingleImage|Any CPU.Build.0 = Release|Any CPU
		{E34F51A1-55BE-43D7-88CA-A8ACE0CE42FB}.SingleImage|Mixed Platforms.ActiveCfg = Release|Any CPU
		{E34F51A1-55BE-43D7-88CA-A8ACE0CE42FB}.SingleImage|Mixed Platforms.Build.0 = Release|Any CPU
		{E34F51A1-55BE-43D7-88CA-A8ACE0CE42FB}.SingleImage|Win32.ActiveCfg = Release|Any CPU
		{E34F51A1-55BE-43D7-88CA-A8ACE0CE42FB}.SingleImage|x64.ActiveCfg = Release|Any CPU
		{E34F51A1-55BE-43D7-88CA-A8ACE0CE42FB}.SingleImage|x86.ActiveCfg = Release|Any CPU
		{24DBA93F-A0D2-456E-895C-5108C4FB267A}.CD_ROM|Any CPU.ActiveCfg = Release|x64
		{24DBA93F-A0D2-456E-895C-5108C4FB267A}.CD_ROM|Mixed Platforms.ActiveCfg = Release|x64
		{24DBA93F-A0D2-456E-895C-5108C4FB267A}.CD_ROM|Mixed Platforms.Build.0 = Release|x64
		{24DBA93F-A0D2-456E-895C-5108C4FB267A}.CD_ROM|Win32.ActiveCfg = Release|x64
		{24DBA93F-A0D2-456E-895C-5108C4FB267A}.CD_ROM|x64.ActiveCfg = Release|x64
		{24DBA93F-A0D2-456E-895C-5108C4FB267A}.CD_ROM|x64.Build.0 = Release|x64
		{24DBA93F-A0D2-456E-895C-5108C4FB267A}.CD_ROM|x86.ActiveCfg = Release|x64
		{24DBA93F-A0D2-456E-895C-5108C4FB267A}.Debug|Any CPU.ActiveCfg = Debug|Any CPU
		{24DBA93F-A0D2-456E-895C-5108C4FB267A}.Debug|Any CPU.Build.0 = Debug|Any CPU
		{24DBA93F-A0D2-456E-895C-5108C4FB267A}.Debug|Mixed Platforms.ActiveCfg = Debug|x64
		{24DBA93F-A0D2-456E-895C-5108C4FB267A}.Debug|Mixed Platforms.Build.0 = Debug|x64
		{24DBA93F-A0D2-456E-895C-5108C4FB267A}.Debug|Win32.ActiveCfg = Debug|x64
		{24DBA93F-A0D2-456E-895C-5108C4FB267A}.Debug|x64.ActiveCfg = Debug|x64
		{24DBA93F-A0D2-456E-895C-5108C4FB267A}.Debug|x64.Build.0 = Debug|x64
		{24DBA93F-A0D2-456E-895C-5108C4FB267A}.Debug|x86.ActiveCfg = Debug|x86
		{24DBA93F-A0D2-456E-895C-5108C4FB267A}.Debug|x86.Build.0 = Debug|x86
		{24DBA93F-A0D2-456E-895C-5108C4FB267A}.DVD-5|Any CPU.ActiveCfg = Debug|x64
		{24DBA93F-A0D2-456E-895C-5108C4FB267A}.DVD-5|Mixed Platforms.ActiveCfg = Debug|x64
		{24DBA93F-A0D2-456E-895C-5108C4FB267A}.DVD-5|Mixed Platforms.Build.0 = Debug|x64
		{24DBA93F-A0D2-456E-895C-5108C4FB267A}.DVD-5|Win32.ActiveCfg = Debug|x64
		{24DBA93F-A0D2-456E-895C-5108C4FB267A}.DVD-5|x64.ActiveCfg = Debug|x64
		{24DBA93F-A0D2-456E-895C-5108C4FB267A}.DVD-5|x64.Build.0 = Debug|x64
		{24DBA93F-A0D2-456E-895C-5108C4FB267A}.DVD-5|x86.ActiveCfg = Debug|x64
		{24DBA93F-A0D2-456E-895C-5108C4FB267A}.Release|Any CPU.ActiveCfg = Release|Any CPU
		{24DBA93F-A0D2-456E-895C-5108C4FB267A}.Release|Any CPU.Build.0 = Release|Any CPU
		{24DBA93F-A0D2-456E-895C-5108C4FB267A}.Release|Mixed Platforms.ActiveCfg = Release|x64
		{24DBA93F-A0D2-456E-895C-5108C4FB267A}.Release|Mixed Platforms.Build.0 = Release|x64
		{24DBA93F-A0D2-456E-895C-5108C4FB267A}.Release|Win32.ActiveCfg = Release|x64
		{24DBA93F-A0D2-456E-895C-5108C4FB267A}.Release|x64.ActiveCfg = Release|x64
		{24DBA93F-A0D2-456E-895C-5108C4FB267A}.Release|x64.Build.0 = Release|x64
		{24DBA93F-A0D2-456E-895C-5108C4FB267A}.Release|x86.ActiveCfg = Release|x86
		{24DBA93F-A0D2-456E-895C-5108C4FB267A}.Release|x86.Build.0 = Release|x86
		{24DBA93F-A0D2-456E-895C-5108C4FB267A}.SingleImage|Any CPU.ActiveCfg = Release|x64
		{24DBA93F-A0D2-456E-895C-5108C4FB267A}.SingleImage|Mixed Platforms.ActiveCfg = Release|x64
		{24DBA93F-A0D2-456E-895C-5108C4FB267A}.SingleImage|Mixed Platforms.Build.0 = Release|x64
		{24DBA93F-A0D2-456E-895C-5108C4FB267A}.SingleImage|Win32.ActiveCfg = Release|x64
		{24DBA93F-A0D2-456E-895C-5108C4FB267A}.SingleImage|x64.ActiveCfg = Release|x64
		{24DBA93F-A0D2-456E-895C-5108C4FB267A}.SingleImage|x64.Build.0 = Release|x64
		{24DBA93F-A0D2-456E-895C-5108C4FB267A}.SingleImage|x86.ActiveCfg = Release|x64
		{E58A5E87-5CA0-4040-B497-2FF5AE25908E}.CD_ROM|Any CPU.ActiveCfg = Release|x64
		{E58A5E87-5CA0-4040-B497-2FF5AE25908E}.CD_ROM|Mixed Platforms.ActiveCfg = Release|x64
		{E58A5E87-5CA0-4040-B497-2FF5AE25908E}.CD_ROM|Mixed Platforms.Build.0 = Release|x64
		{E58A5E87-5CA0-4040-B497-2FF5AE25908E}.CD_ROM|Win32.ActiveCfg = Release|x64
		{E58A5E87-5CA0-4040-B497-2FF5AE25908E}.CD_ROM|x64.ActiveCfg = Release|x64
		{E58A5E87-5CA0-4040-B497-2FF5AE25908E}.CD_ROM|x64.Build.0 = Release|x64
		{E58A5E87-5CA0-4040-B497-2FF5AE25908E}.CD_ROM|x86.ActiveCfg = Release|x64
		{E58A5E87-5CA0-4040-B497-2FF5AE25908E}.Debug|Any CPU.ActiveCfg = Debug|Any CPU
		{E58A5E87-5CA0-4040-B497-2FF5AE25908E}.Debug|Any CPU.Build.0 = Debug|Any CPU
		{E58A5E87-5CA0-4040-B497-2FF5AE25908E}.Debug|Mixed Platforms.ActiveCfg = Debug|x64
		{E58A5E87-5CA0-4040-B497-2FF5AE25908E}.Debug|Mixed Platforms.Build.0 = Debug|x64
		{E58A5E87-5CA0-4040-B497-2FF5AE25908E}.Debug|Win32.ActiveCfg = Debug|x64
		{E58A5E87-5CA0-4040-B497-2FF5AE25908E}.Debug|x64.ActiveCfg = Debug|x64
		{E58A5E87-5CA0-4040-B497-2FF5AE25908E}.Debug|x64.Build.0 = Debug|x64
		{E58A5E87-5CA0-4040-B497-2FF5AE25908E}.Debug|x86.ActiveCfg = Debug|x86
		{E58A5E87-5CA0-4040-B497-2FF5AE25908E}.Debug|x86.Build.0 = Debug|x86
		{E58A5E87-5CA0-4040-B497-2FF5AE25908E}.DVD-5|Any CPU.ActiveCfg = Debug|x64
		{E58A5E87-5CA0-4040-B497-2FF5AE25908E}.DVD-5|Mixed Platforms.ActiveCfg = Debug|x64
		{E58A5E87-5CA0-4040-B497-2FF5AE25908E}.DVD-5|Mixed Platforms.Build.0 = Debug|x64
		{E58A5E87-5CA0-4040-B497-2FF5AE25908E}.DVD-5|Win32.ActiveCfg = Debug|x64
		{E58A5E87-5CA0-4040-B497-2FF5AE25908E}.DVD-5|x64.ActiveCfg = Debug|x64
		{E58A5E87-5CA0-4040-B497-2FF5AE25908E}.DVD-5|x64.Build.0 = Debug|x64
		{E58A5E87-5CA0-4040-B497-2FF5AE25908E}.DVD-5|x86.ActiveCfg = Debug|x64
		{E58A5E87-5CA0-4040-B497-2FF5AE25908E}.Release|Any CPU.ActiveCfg = Release|Any CPU
		{E58A5E87-5CA0-4040-B497-2FF5AE25908E}.Release|Any CPU.Build.0 = Release|Any CPU
		{E58A5E87-5CA0-4040-B497-2FF5AE25908E}.Release|Mixed Platforms.ActiveCfg = Release|x64
		{E58A5E87-5CA0-4040-B497-2FF5AE25908E}.Release|Mixed Platforms.Build.0 = Release|x64
		{E58A5E87-5CA0-4040-B497-2FF5AE25908E}.Release|Win32.ActiveCfg = Release|x64
		{E58A5E87-5CA0-4040-B497-2FF5AE25908E}.Release|x64.ActiveCfg = Release|x64
		{E58A5E87-5CA0-4040-B497-2FF5AE25908E}.Release|x64.Build.0 = Release|x64
		{E58A5E87-5CA0-4040-B497-2FF5AE25908E}.Release|x86.ActiveCfg = Release|x86
		{E58A5E87-5CA0-4040-B497-2FF5AE25908E}.Release|x86.Build.0 = Release|x86
		{E58A5E87-5CA0-4040-B497-2FF5AE25908E}.SingleImage|Any CPU.ActiveCfg = Release|x64
		{E58A5E87-5CA0-4040-B497-2FF5AE25908E}.SingleImage|Mixed Platforms.ActiveCfg = Release|x64
		{E58A5E87-5CA0-4040-B497-2FF5AE25908E}.SingleImage|Mixed Platforms.Build.0 = Release|x64
		{E58A5E87-5CA0-4040-B497-2FF5AE25908E}.SingleImage|Win32.ActiveCfg = Release|x64
		{E58A5E87-5CA0-4040-B497-2FF5AE25908E}.SingleImage|x64.ActiveCfg = Release|x64
		{E58A5E87-5CA0-4040-B497-2FF5AE25908E}.SingleImage|x64.Build.0 = Release|x64
		{E58A5E87-5CA0-4040-B497-2FF5AE25908E}.SingleImage|x86.ActiveCfg = Release|x64
		{B9709015-E664-4B76-BEC4-AE3E655F8FBC}.CD_ROM|Any CPU.ActiveCfg = Release|x64
		{B9709015-E664-4B76-BEC4-AE3E655F8FBC}.CD_ROM|Mixed Platforms.ActiveCfg = Release|x64
		{B9709015-E664-4B76-BEC4-AE3E655F8FBC}.CD_ROM|Mixed Platforms.Build.0 = Release|x64
		{B9709015-E664-4B76-BEC4-AE3E655F8FBC}.CD_ROM|Win32.ActiveCfg = Release|x64
		{B9709015-E664-4B76-BEC4-AE3E655F8FBC}.CD_ROM|x64.ActiveCfg = Release|x64
		{B9709015-E664-4B76-BEC4-AE3E655F8FBC}.CD_ROM|x64.Build.0 = Release|x64
		{B9709015-E664-4B76-BEC4-AE3E655F8FBC}.CD_ROM|x86.ActiveCfg = Release|x64
		{B9709015-E664-4B76-BEC4-AE3E655F8FBC}.Debug|Any CPU.ActiveCfg = Debug|Any CPU
		{B9709015-E664-4B76-BEC4-AE3E655F8FBC}.Debug|Any CPU.Build.0 = Debug|Any CPU
		{B9709015-E664-4B76-BEC4-AE3E655F8FBC}.Debug|Mixed Platforms.ActiveCfg = Debug|x64
		{B9709015-E664-4B76-BEC4-AE3E655F8FBC}.Debug|Mixed Platforms.Build.0 = Debug|x64
		{B9709015-E664-4B76-BEC4-AE3E655F8FBC}.Debug|Win32.ActiveCfg = Debug|x64
		{B9709015-E664-4B76-BEC4-AE3E655F8FBC}.Debug|x64.ActiveCfg = Debug|x64
		{B9709015-E664-4B76-BEC4-AE3E655F8FBC}.Debug|x64.Build.0 = Debug|x64
		{B9709015-E664-4B76-BEC4-AE3E655F8FBC}.Debug|x86.ActiveCfg = Debug|x86
		{B9709015-E664-4B76-BEC4-AE3E655F8FBC}.Debug|x86.Build.0 = Debug|x86
		{B9709015-E664-4B76-BEC4-AE3E655F8FBC}.DVD-5|Any CPU.ActiveCfg = Debug|x64
		{B9709015-E664-4B76-BEC4-AE3E655F8FBC}.DVD-5|Mixed Platforms.ActiveCfg = Debug|x64
		{B9709015-E664-4B76-BEC4-AE3E655F8FBC}.DVD-5|Mixed Platforms.Build.0 = Debug|x64
		{B9709015-E664-4B76-BEC4-AE3E655F8FBC}.DVD-5|Win32.ActiveCfg = Debug|x64
		{B9709015-E664-4B76-BEC4-AE3E655F8FBC}.DVD-5|x64.ActiveCfg = Debug|x64
		{B9709015-E664-4B76-BEC4-AE3E655F8FBC}.DVD-5|x64.Build.0 = Debug|x64
		{B9709015-E664-4B76-BEC4-AE3E655F8FBC}.DVD-5|x86.ActiveCfg = Debug|x64
		{B9709015-E664-4B76-BEC4-AE3E655F8FBC}.Release|Any CPU.ActiveCfg = Release|Any CPU
		{B9709015-E664-4B76-BEC4-AE3E655F8FBC}.Release|Any CPU.Build.0 = Release|Any CPU
		{B9709015-E664-4B76-BEC4-AE3E655F8FBC}.Release|Mixed Platforms.ActiveCfg = Release|x64
		{B9709015-E664-4B76-BEC4-AE3E655F8FBC}.Release|Mixed Platforms.Build.0 = Release|x64
		{B9709015-E664-4B76-BEC4-AE3E655F8FBC}.Release|Win32.ActiveCfg = Release|x64
		{B9709015-E664-4B76-BEC4-AE3E655F8FBC}.Release|x64.ActiveCfg = Release|x64
		{B9709015-E664-4B76-BEC4-AE3E655F8FBC}.Release|x64.Build.0 = Release|x64
		{B9709015-E664-4B76-BEC4-AE3E655F8FBC}.Release|x86.ActiveCfg = Release|x86
		{B9709015-E664-4B76-BEC4-AE3E655F8FBC}.Release|x86.Build.0 = Release|x86
		{B9709015-E664-4B76-BEC4-AE3E655F8FBC}.SingleImage|Any CPU.ActiveCfg = Release|x64
		{B9709015-E664-4B76-BEC4-AE3E655F8FBC}.SingleImage|Mixed Platforms.ActiveCfg = Release|x64
		{B9709015-E664-4B76-BEC4-AE3E655F8FBC}.SingleImage|Mixed Platforms.Build.0 = Release|x64
		{B9709015-E664-4B76-BEC4-AE3E655F8FBC}.SingleImage|Win32.ActiveCfg = Release|x64
		{B9709015-E664-4B76-BEC4-AE3E655F8FBC}.SingleImage|x64.ActiveCfg = Release|x64
		{B9709015-E664-4B76-BEC4-AE3E655F8FBC}.SingleImage|x64.Build.0 = Release|x64
		{B9709015-E664-4B76-BEC4-AE3E655F8FBC}.SingleImage|x86.ActiveCfg = Release|x64
		{02906F54-BB54-4142-88A7-810773FEFAB0}.CD_ROM|Any CPU.ActiveCfg = Release|x64
		{02906F54-BB54-4142-88A7-810773FEFAB0}.CD_ROM|Mixed Platforms.ActiveCfg = Release|x64
		{02906F54-BB54-4142-88A7-810773FEFAB0}.CD_ROM|Mixed Platforms.Build.0 = Release|x64
		{02906F54-BB54-4142-88A7-810773FEFAB0}.CD_ROM|Win32.ActiveCfg = Release|x64
		{02906F54-BB54-4142-88A7-810773FEFAB0}.CD_ROM|x64.ActiveCfg = Release|x64
		{02906F54-BB54-4142-88A7-810773FEFAB0}.CD_ROM|x64.Build.0 = Release|x64
		{02906F54-BB54-4142-88A7-810773FEFAB0}.CD_ROM|x86.ActiveCfg = Release|x64
		{02906F54-BB54-4142-88A7-810773FEFAB0}.Debug|Any CPU.ActiveCfg = Debug|x64
		{02906F54-BB54-4142-88A7-810773FEFAB0}.Debug|Mixed Platforms.ActiveCfg = Debug|x64
		{02906F54-BB54-4142-88A7-810773FEFAB0}.Debug|Mixed Platforms.Build.0 = Debug|x64
		{02906F54-BB54-4142-88A7-810773FEFAB0}.Debug|Win32.ActiveCfg = Debug|Win32
		{02906F54-BB54-4142-88A7-810773FEFAB0}.Debug|Win32.Build.0 = Debug|Win32
		{02906F54-BB54-4142-88A7-810773FEFAB0}.Debug|x64.ActiveCfg = Debug|x64
		{02906F54-BB54-4142-88A7-810773FEFAB0}.Debug|x64.Build.0 = Debug|x64
		{02906F54-BB54-4142-88A7-810773FEFAB0}.Debug|x86.ActiveCfg = Debug|x64
		{02906F54-BB54-4142-88A7-810773FEFAB0}.DVD-5|Any CPU.ActiveCfg = Debug|x64
		{02906F54-BB54-4142-88A7-810773FEFAB0}.DVD-5|Mixed Platforms.ActiveCfg = Debug|x64
		{02906F54-BB54-4142-88A7-810773FEFAB0}.DVD-5|Mixed Platforms.Build.0 = Debug|x64
		{02906F54-BB54-4142-88A7-810773FEFAB0}.DVD-5|Win32.ActiveCfg = Debug|x64
		{02906F54-BB54-4142-88A7-810773FEFAB0}.DVD-5|x64.ActiveCfg = Debug|x64
		{02906F54-BB54-4142-88A7-810773FEFAB0}.DVD-5|x64.Build.0 = Debug|x64
		{02906F54-BB54-4142-88A7-810773FEFAB0}.DVD-5|x86.ActiveCfg = Debug|x64
		{02906F54-BB54-4142-88A7-810773FEFAB0}.Release|Any CPU.ActiveCfg = Release|Win32
		{02906F54-BB54-4142-88A7-810773FEFAB0}.Release|Mixed Platforms.ActiveCfg = Release|x64
		{02906F54-BB54-4142-88A7-810773FEFAB0}.Release|Mixed Platforms.Build.0 = Release|x64
		{02906F54-BB54-4142-88A7-810773FEFAB0}.Release|Win32.ActiveCfg = Release|Win32
		{02906F54-BB54-4142-88A7-810773FEFAB0}.Release|Win32.Build.0 = Release|Win32
		{02906F54-BB54-4142-88A7-810773FEFAB0}.Release|x64.ActiveCfg = Release|x64
		{02906F54-BB54-4142-88A7-810773FEFAB0}.Release|x64.Build.0 = Release|x64
		{02906F54-BB54-4142-88A7-810773FEFAB0}.Release|x86.ActiveCfg = Release|x64
		{02906F54-BB54-4142-88A7-810773FEFAB0}.SingleImage|Any CPU.ActiveCfg = Release|x64
		{02906F54-BB54-4142-88A7-810773FEFAB0}.SingleImage|Mixed Platforms.ActiveCfg = Release|x64
		{02906F54-BB54-4142-88A7-810773FEFAB0}.SingleImage|Mixed Platforms.Build.0 = Release|x64
		{02906F54-BB54-4142-88A7-810773FEFAB0}.SingleImage|Win32.ActiveCfg = Release|x64
		{02906F54-BB54-4142-88A7-810773FEFAB0}.SingleImage|x64.ActiveCfg = Release|x64
		{02906F54-BB54-4142-88A7-810773FEFAB0}.SingleImage|x64.Build.0 = Release|x64
		{02906F54-BB54-4142-88A7-810773FEFAB0}.SingleImage|x86.ActiveCfg = Release|x64
		{A9AFEC5F-3CD8-487B-A85E-E53A99193E3E}.CD_ROM|Any CPU.ActiveCfg = Release|x64
		{A9AFEC5F-3CD8-487B-A85E-E53A99193E3E}.CD_ROM|Mixed Platforms.ActiveCfg = Release|x64
		{A9AFEC5F-3CD8-487B-A85E-E53A99193E3E}.CD_ROM|Mixed Platforms.Build.0 = Release|x64
		{A9AFEC5F-3CD8-487B-A85E-E53A99193E3E}.CD_ROM|Win32.ActiveCfg = Release|x64
		{A9AFEC5F-3CD8-487B-A85E-E53A99193E3E}.CD_ROM|x64.ActiveCfg = Release|x64
		{A9AFEC5F-3CD8-487B-A85E-E53A99193E3E}.CD_ROM|x64.Build.0 = Release|x64
		{A9AFEC5F-3CD8-487B-A85E-E53A99193E3E}.CD_ROM|x86.ActiveCfg = Release|x64
		{A9AFEC5F-3CD8-487B-A85E-E53A99193E3E}.Debug|Any CPU.ActiveCfg = Debug|x64
		{A9AFEC5F-3CD8-487B-A85E-E53A99193E3E}.Debug|Mixed Platforms.ActiveCfg = Debug|x64
		{A9AFEC5F-3CD8-487B-A85E-E53A99193E3E}.Debug|Mixed Platforms.Build.0 = Debug|x64
		{A9AFEC5F-3CD8-487B-A85E-E53A99193E3E}.Debug|Win32.ActiveCfg = Debug|Win32
		{A9AFEC5F-3CD8-487B-A85E-E53A99193E3E}.Debug|Win32.Build.0 = Debug|Win32
		{A9AFEC5F-3CD8-487B-A85E-E53A99193E3E}.Debug|x64.ActiveCfg = Debug|x64
		{A9AFEC5F-3CD8-487B-A85E-E53A99193E3E}.Debug|x64.Build.0 = Debug|x64
		{A9AFEC5F-3CD8-487B-A85E-E53A99193E3E}.Debug|x86.ActiveCfg = Debug|x64
		{A9AFEC5F-3CD8-487B-A85E-E53A99193E3E}.DVD-5|Any CPU.ActiveCfg = Debug|x64
		{A9AFEC5F-3CD8-487B-A85E-E53A99193E3E}.DVD-5|Mixed Platforms.ActiveCfg = Debug|x64
		{A9AFEC5F-3CD8-487B-A85E-E53A99193E3E}.DVD-5|Mixed Platforms.Build.0 = Debug|x64
		{A9AFEC5F-3CD8-487B-A85E-E53A99193E3E}.DVD-5|Win32.ActiveCfg = Debug|x64
		{A9AFEC5F-3CD8-487B-A85E-E53A99193E3E}.DVD-5|x64.ActiveCfg = Debug|x64
		{A9AFEC5F-3CD8-487B-A85E-E53A99193E3E}.DVD-5|x64.Build.0 = Debug|x64
		{A9AFEC5F-3CD8-487B-A85E-E53A99193E3E}.DVD-5|x86.ActiveCfg = Debug|x64
		{A9AFEC5F-3CD8-487B-A85E-E53A99193E3E}.Release|Any CPU.ActiveCfg = Release|x64
		{A9AFEC5F-3CD8-487B-A85E-E53A99193E3E}.Release|Mixed Platforms.ActiveCfg = Release|x64
		{A9AFEC5F-3CD8-487B-A85E-E53A99193E3E}.Release|Mixed Platforms.Build.0 = Release|x64
		{A9AFEC5F-3CD8-487B-A85E-E53A99193E3E}.Release|Win32.ActiveCfg = Release|Win32
		{A9AFEC5F-3CD8-487B-A85E-E53A99193E3E}.Release|Win32.Build.0 = Release|Win32
		{A9AFEC5F-3CD8-487B-A85E-E53A99193E3E}.Release|x64.ActiveCfg = Release|x64
		{A9AFEC5F-3CD8-487B-A85E-E53A99193E3E}.Release|x64.Build.0 = Release|x64
		{A9AFEC5F-3CD8-487B-A85E-E53A99193E3E}.Release|x86.ActiveCfg = Release|x64
		{A9AFEC5F-3CD8-487B-A85E-E53A99193E3E}.SingleImage|Any CPU.ActiveCfg = Release|x64
		{A9AFEC5F-3CD8-487B-A85E-E53A99193E3E}.SingleImage|Mixed Platforms.ActiveCfg = Release|x64
		{A9AFEC5F-3CD8-487B-A85E-E53A99193E3E}.SingleImage|Mixed Platforms.Build.0 = Release|x64
		{A9AFEC5F-3CD8-487B-A85E-E53A99193E3E}.SingleImage|Win32.ActiveCfg = Release|x64
		{A9AFEC5F-3CD8-487B-A85E-E53A99193E3E}.SingleImage|x64.ActiveCfg = Release|x64
		{A9AFEC5F-3CD8-487B-A85E-E53A99193E3E}.SingleImage|x64.Build.0 = Release|x64
		{A9AFEC5F-3CD8-487B-A85E-E53A99193E3E}.SingleImage|x86.ActiveCfg = Release|x64
		{5EE86F55-692A-4F49-BA9D-CC418CAFF1B7}.CD_ROM|Any CPU.ActiveCfg = Release|x86
		{5EE86F55-692A-4F49-BA9D-CC418CAFF1B7}.CD_ROM|Mixed Platforms.ActiveCfg = Release|x86
		{5EE86F55-692A-4F49-BA9D-CC418CAFF1B7}.CD_ROM|Mixed Platforms.Build.0 = Release|x86
		{5EE86F55-692A-4F49-BA9D-CC418CAFF1B7}.CD_ROM|Win32.ActiveCfg = Release|x86
		{5EE86F55-692A-4F49-BA9D-CC418CAFF1B7}.CD_ROM|x64.ActiveCfg = Release|x86
		{5EE86F55-692A-4F49-BA9D-CC418CAFF1B7}.CD_ROM|x86.ActiveCfg = Release|x86
		{5EE86F55-692A-4F49-BA9D-CC418CAFF1B7}.CD_ROM|x86.Build.0 = Release|x86
		{5EE86F55-692A-4F49-BA9D-CC418CAFF1B7}.Debug|Any CPU.ActiveCfg = Debug|x86
		{5EE86F55-692A-4F49-BA9D-CC418CAFF1B7}.Debug|Mixed Platforms.ActiveCfg = Debug|x86
		{5EE86F55-692A-4F49-BA9D-CC418CAFF1B7}.Debug|Mixed Platforms.Build.0 = Debug|x86
		{5EE86F55-692A-4F49-BA9D-CC418CAFF1B7}.Debug|Win32.ActiveCfg = Debug|x86
		{5EE86F55-692A-4F49-BA9D-CC418CAFF1B7}.Debug|x64.ActiveCfg = Debug|x86
		{5EE86F55-692A-4F49-BA9D-CC418CAFF1B7}.Debug|x86.ActiveCfg = Debug|x86
		{5EE86F55-692A-4F49-BA9D-CC418CAFF1B7}.Debug|x86.Build.0 = Debug|x86
		{5EE86F55-692A-4F49-BA9D-CC418CAFF1B7}.DVD-5|Any CPU.ActiveCfg = Debug|x86
		{5EE86F55-692A-4F49-BA9D-CC418CAFF1B7}.DVD-5|Mixed Platforms.ActiveCfg = Debug|x86
		{5EE86F55-692A-4F49-BA9D-CC418CAFF1B7}.DVD-5|Mixed Platforms.Build.0 = Debug|x86
		{5EE86F55-692A-4F49-BA9D-CC418CAFF1B7}.DVD-5|Win32.ActiveCfg = Debug|x86
		{5EE86F55-692A-4F49-BA9D-CC418CAFF1B7}.DVD-5|x64.ActiveCfg = Debug|x86
		{5EE86F55-692A-4F49-BA9D-CC418CAFF1B7}.DVD-5|x86.ActiveCfg = Debug|x86
		{5EE86F55-692A-4F49-BA9D-CC418CAFF1B7}.DVD-5|x86.Build.0 = Debug|x86
		{5EE86F55-692A-4F49-BA9D-CC418CAFF1B7}.Release|Any CPU.ActiveCfg = Release|x86
		{5EE86F55-692A-4F49-BA9D-CC418CAFF1B7}.Release|Mixed Platforms.ActiveCfg = Release|x86
		{5EE86F55-692A-4F49-BA9D-CC418CAFF1B7}.Release|Mixed Platforms.Build.0 = Release|x86
		{5EE86F55-692A-4F49-BA9D-CC418CAFF1B7}.Release|Win32.ActiveCfg = Release|x86
		{5EE86F55-692A-4F49-BA9D-CC418CAFF1B7}.Release|x64.ActiveCfg = Release|x86
		{5EE86F55-692A-4F49-BA9D-CC418CAFF1B7}.Release|x86.ActiveCfg = Release|x86
		{5EE86F55-692A-4F49-BA9D-CC418CAFF1B7}.Release|x86.Build.0 = Release|x86
		{5EE86F55-692A-4F49-BA9D-CC418CAFF1B7}.SingleImage|Any CPU.ActiveCfg = Release|x86
		{5EE86F55-692A-4F49-BA9D-CC418CAFF1B7}.SingleImage|Mixed Platforms.ActiveCfg = Release|x86
		{5EE86F55-692A-4F49-BA9D-CC418CAFF1B7}.SingleImage|Mixed Platforms.Build.0 = Release|x86
		{5EE86F55-692A-4F49-BA9D-CC418CAFF1B7}.SingleImage|Win32.ActiveCfg = Release|x86
		{5EE86F55-692A-4F49-BA9D-CC418CAFF1B7}.SingleImage|x64.ActiveCfg = Release|x86
		{5EE86F55-692A-4F49-BA9D-CC418CAFF1B7}.SingleImage|x86.ActiveCfg = Release|x86
		{5EE86F55-692A-4F49-BA9D-CC418CAFF1B7}.SingleImage|x86.Build.0 = Release|x86
		{7560EB00-5128-43EC-963B-0A8B6AF13496}.CD_ROM|Any CPU.ActiveCfg = Release|x64
		{7560EB00-5128-43EC-963B-0A8B6AF13496}.CD_ROM|Mixed Platforms.ActiveCfg = Release|x64
		{7560EB00-5128-43EC-963B-0A8B6AF13496}.CD_ROM|Mixed Platforms.Build.0 = Release|x64
		{7560EB00-5128-43EC-963B-0A8B6AF13496}.CD_ROM|Win32.ActiveCfg = Release|x64
		{7560EB00-5128-43EC-963B-0A8B6AF13496}.CD_ROM|x64.ActiveCfg = Release|x64
		{7560EB00-5128-43EC-963B-0A8B6AF13496}.CD_ROM|x64.Build.0 = Release|x64
		{7560EB00-5128-43EC-963B-0A8B6AF13496}.CD_ROM|x86.ActiveCfg = Release|x64
		{7560EB00-5128-43EC-963B-0A8B6AF13496}.Debug|Any CPU.ActiveCfg = Debug|Any CPU
		{7560EB00-5128-43EC-963B-0A8B6AF13496}.Debug|Any CPU.Build.0 = Debug|Any CPU
		{7560EB00-5128-43EC-963B-0A8B6AF13496}.Debug|Mixed Platforms.ActiveCfg = Debug|x64
		{7560EB00-5128-43EC-963B-0A8B6AF13496}.Debug|Mixed Platforms.Build.0 = Debug|x64
		{7560EB00-5128-43EC-963B-0A8B6AF13496}.Debug|Win32.ActiveCfg = Debug|x64
		{7560EB00-5128-43EC-963B-0A8B6AF13496}.Debug|x64.ActiveCfg = Debug|x64
		{7560EB00-5128-43EC-963B-0A8B6AF13496}.Debug|x64.Build.0 = Debug|x64
		{7560EB00-5128-43EC-963B-0A8B6AF13496}.Debug|x86.ActiveCfg = Debug|x86
		{7560EB00-5128-43EC-963B-0A8B6AF13496}.Debug|x86.Build.0 = Debug|x86
		{7560EB00-5128-43EC-963B-0A8B6AF13496}.DVD-5|Any CPU.ActiveCfg = Debug|x64
		{7560EB00-5128-43EC-963B-0A8B6AF13496}.DVD-5|Mixed Platforms.ActiveCfg = Debug|x64
		{7560EB00-5128-43EC-963B-0A8B6AF13496}.DVD-5|Mixed Platforms.Build.0 = Debug|x64
		{7560EB00-5128-43EC-963B-0A8B6AF13496}.DVD-5|Win32.ActiveCfg = Debug|x64
		{7560EB00-5128-43EC-963B-0A8B6AF13496}.DVD-5|x64.ActiveCfg = Debug|x64
		{7560EB00-5128-43EC-963B-0A8B6AF13496}.DVD-5|x64.Build.0 = Debug|x64
		{7560EB00-5128-43EC-963B-0A8B6AF13496}.DVD-5|x86.ActiveCfg = Debug|x64
		{7560EB00-5128-43EC-963B-0A8B6AF13496}.Release|Any CPU.ActiveCfg = Release|Any CPU
		{7560EB00-5128-43EC-963B-0A8B6AF13496}.Release|Any CPU.Build.0 = Release|Any CPU
		{7560EB00-5128-43EC-963B-0A8B6AF13496}.Release|Mixed Platforms.ActiveCfg = Release|x64
		{7560EB00-5128-43EC-963B-0A8B6AF13496}.Release|Mixed Platforms.Build.0 = Release|x64
		{7560EB00-5128-43EC-963B-0A8B6AF13496}.Release|Win32.ActiveCfg = Release|x64
		{7560EB00-5128-43EC-963B-0A8B6AF13496}.Release|x64.ActiveCfg = Release|x64
		{7560EB00-5128-43EC-963B-0A8B6AF13496}.Release|x64.Build.0 = Release|x64
		{7560EB00-5128-43EC-963B-0A8B6AF13496}.Release|x86.ActiveCfg = Release|x86
		{7560EB00-5128-43EC-963B-0A8B6AF13496}.Release|x86.Build.0 = Release|x86
		{7560EB00-5128-43EC-963B-0A8B6AF13496}.SingleImage|Any CPU.ActiveCfg = Release|x64
		{7560EB00-5128-43EC-963B-0A8B6AF13496}.SingleImage|Mixed Platforms.ActiveCfg = Release|x64
		{7560EB00-5128-43EC-963B-0A8B6AF13496}.SingleImage|Mixed Platforms.Build.0 = Release|x64
		{7560EB00-5128-43EC-963B-0A8B6AF13496}.SingleImage|Win32.ActiveCfg = Release|x64
		{7560EB00-5128-43EC-963B-0A8B6AF13496}.SingleImage|x64.ActiveCfg = Release|x64
		{7560EB00-5128-43EC-963B-0A8B6AF13496}.SingleImage|x64.Build.0 = Release|x64
		{7560EB00-5128-43EC-963B-0A8B6AF13496}.SingleImage|x86.ActiveCfg = Release|x64
	EndGlobalSection
	GlobalSection(SolutionProperties) = preSolution
		HideSolutionNode = FALSE
	EndGlobalSection
	GlobalSection(NestedProjects) = preSolution
		{E44E241D-E08C-4805-9C75-898B01719071} = {4C1E7D92-1353-480E-ACB4-69D18B69F288}
		{FD57C934-D31A-45C7-B812-43856E00F7D2} = {4C1E7D92-1353-480E-ACB4-69D18B69F288}
		{7560EB00-5128-43EC-963B-0A8B6AF13496} = {4C1E7D92-1353-480E-ACB4-69D18B69F288}
		{25074069-FABF-4C52-85EC-07FFE769CF80} = {B68256B6-4154-4B59-83E8-8C9CBF7C83BB}
		{121D0206-2119-47FD-8DCE-2D2378078BDC} = {B68256B6-4154-4B59-83E8-8C9CBF7C83BB}
		{1394DCB6-E668-4CBC-8829-ECE4E63E5528} = {B68256B6-4154-4B59-83E8-8C9CBF7C83BB}
		{68A27481-FD0A-4B08-A1FE-7F440A073BD5} = {B68256B6-4154-4B59-83E8-8C9CBF7C83BB}
		{415B75FF-E375-4407-99E8-DDDE8617FA91} = {B68256B6-4154-4B59-83E8-8C9CBF7C83BB}
		{E34F51A1-55BE-43D7-88CA-A8ACE0CE42FB} = {B68256B6-4154-4B59-83E8-8C9CBF7C83BB}
		{5EE86F55-692A-4F49-BA9D-CC418CAFF1B7} = {6E1DECA9-FB83-4E45-8E2C-93B157074939}
		{24DBA93F-A0D2-456E-895C-5108C4FB267A} = {6B3C05F7-8B1E-4F4B-9AB3-AA0D711E0752}
		{E58A5E87-5CA0-4040-B497-2FF5AE25908E} = {6B3C05F7-8B1E-4F4B-9AB3-AA0D711E0752}
		{B9709015-E664-4B76-BEC4-AE3E655F8FBC} = {B7CB7B62-6BB9-42BE-BF1D-B011CDEE4256}
		{02906F54-BB54-4142-88A7-810773FEFAB0} = {B7CB7B62-6BB9-42BE-BF1D-B011CDEE4256}
		{A9AFEC5F-3CD8-487B-A85E-E53A99193E3E} = {B7CB7B62-6BB9-42BE-BF1D-B011CDEE4256}
	EndGlobalSection
EndGlobal
